
Microsoft Visual Studio Solution File, Format Version 12.00
# Visual Studio 14
VisualStudioVersion = 14.0.25123.0
MinimumVisualStudioVersion = 10.0.40219.1
Project("{82FF1BF4-F7EF-42A7-9E69-E146A681E6AF}") = "Sitecore.Support.100371.100542", "Sitecore.Support.100371.100542\Sitecore.Support.100371.100542.csproj", "{A7E2B5CC-DD15-4DFC-B9AF-7797B96C17CB}"
EndProject
Global
	GlobalSection(SolutionConfigurationPlatforms) = preSolution
		Debug|Any CPU = Debug|Any CPU
		Release|Any CPU = Release|Any CPU
	EndGlobalSection
	GlobalSection(ProjectConfigurationPlatforms) = postSolution
		{A7E2B5CC-DD15-4DFC-B9AF-7797B96C17CB}.Debug|Any CPU.ActiveCfg = Debug|Any CPU
		{A7E2B5CC-DD15-4DFC-B9AF-7797B96C17CB}.Debug|Any CPU.Build.0 = Debug|Any CPU
		{A7E2B5CC-DD15-4DFC-B9AF-7797B96C17CB}.Release|Any CPU.ActiveCfg = Release|Any CPU
		{A7E2B5CC-DD15-4DFC-B9AF-7797B96C17CB}.Release|Any CPU.Build.0 = Release|Any CPU
	EndGlobalSection
	GlobalSection(SolutionProperties) = preSolution
		HideSolutionNode = FALSE
	EndGlobalSection
EndGlobal
